
Microsoft Visual Studio Solution File, Format Version 12.00
# Visual Studio 15
VisualStudioVersion = 15.0.28307.168
MinimumVisualStudioVersion = 10.0.40219.1
Project("{FAE04EC0-301F-11D3-BF4B-00C04F79EFBC}") = "GB_CSharp_lvl_1.2", "GB_CSharp_lvl_1.2\GB_CSharp_lvl_1.2.csproj", "{CFD7D861-0040-47BD-84CF-040433A3D15F}"
EndProject
Global
	GlobalSection(SolutionConfigurationPlatforms) = preSolution
		Debug|Any CPU = Debug|Any CPU
		Release|Any CPU = Release|Any CPU
	EndGlobalSection
	GlobalSection(ProjectConfigurationPlatforms) = postSolution
		{CFD7D861-0040-47BD-84CF-040433A3D15F}.Debug|Any CPU.ActiveCfg = Debug|Any CPU
		{CFD7D861-0040-47BD-84CF-040433A3D15F}.Debug|Any CPU.Build.0 = Debug|Any CPU
		{CFD7D861-0040-47BD-84CF-040433A3D15F}.Release|Any CPU.ActiveCfg = Release|Any CPU
		{CFD7D861-0040-47BD-84CF-040433A3D15F}.Release|Any CPU.Build.0 = Release|Any CPU
	EndGlobalSection
	GlobalSection(SolutionProperties) = preSolution
		HideSolutionNode = FALSE
	EndGlobalSection
	GlobalSection(ExtensibilityGlobals) = postSolution
		SolutionGuid = {25940154-89B0-4570-A191-2505CD175452}
	EndGlobalSection
EndGlobal
